
Microsoft Visual Studio Solution File, Format Version 12.00
# Visual Studio Version 16
VisualStudioVersion = 16.0.31025.194
MinimumVisualStudioVersion = 10.0.40219.1
Project("{FAE04EC0-301F-11D3-BF4B-00C04F79EFBC}") = "fooddeliverysystem", "fooddeliverysystem.csproj", "{B0187CCB-0682-4F13-8689-FF0EDD715538}"
EndProject
Global
	GlobalSection(SolutionConfigurationPlatforms) = preSolution
		Debug|Any CPU = Debug|Any CPU
		Release|Any CPU = Release|Any CPU
	EndGlobalSection
	GlobalSection(ProjectConfigurationPlatforms) = postSolution
		{B0187CCB-0682-4F13-8689-FF0EDD715538}.Debug|Any CPU.ActiveCfg = Debug|Any CPU
		{B0187CCB-0682-4F13-8689-FF0EDD715538}.Debug|Any CPU.Build.0 = Debug|Any CPU
		{B0187CCB-0682-4F13-8689-FF0EDD715538}.Release|Any CPU.ActiveCfg = Release|Any CPU
		{B0187CCB-0682-4F13-8689-FF0EDD715538}.Release|Any CPU.Build.0 = Release|Any CPU
	EndGlobalSection
	GlobalSection(SolutionProperties) = preSolution
		HideSolutionNode = FALSE
	EndGlobalSection
	GlobalSection(ExtensibilityGlobals) = postSolution
		SolutionGuid = {A1A458B5-A59C-4C9A-966F-CCAEF22A63A6}
	EndGlobalSection
EndGlobal
